
Microsoft Visual Studio Solution File, Format Version 12.00
# Visual Studio Version 16
VisualStudioVersion = 16.0.30503.244
MinimumVisualStudioVersion = 10.0.40219.1
Project("{8BC9CEB8-8B4A-11D0-8D11-00A0C91BC942}") = "Project4", "Project4\Project4.vcxproj", "{1ABA2E1F-967D-43F0-8B1A-9489159912FB}"
EndProject
Global
	GlobalSection(SolutionConfigurationPlatforms) = preSolution
		Debug|x64 = Debug|x64
		Debug|x86 = Debug|x86
		Release|x64 = Release|x64
		Release|x86 = Release|x86
	EndGlobalSection
	GlobalSection(ProjectConfigurationPlatforms) = postSolution
		{1ABA2E1F-967D-43F0-8B1A-9489159912FB}.Debug|x64.ActiveCfg = Debug|x64
		{1ABA2E1F-967D-43F0-8B1A-9489159912FB}.Debug|x64.Build.0 = Debug|x64
		{1ABA2E1F-967D-43F0-8B1A-9489159912FB}.Debug|x86.ActiveCfg = Debug|Win32
		{1ABA2E1F-967D-43F0-8B1A-9489159912FB}.Debug|x86.Build.0 = Debug|Win32
		{1ABA2E1F-967D-43F0-8B1A-9489159912FB}.Release|x64.ActiveCfg = Release|x64
		{1ABA2E1F-967D-43F0-8B1A-9489159912FB}.Release|x64.Build.0 = Release|x64
		{1ABA2E1F-967D-43F0-8B1A-9489159912FB}.Release|x86.ActiveCfg = Release|Win32
		{1ABA2E1F-967D-43F0-8B1A-9489159912FB}.Release|x86.Build.0 = Release|Win32
	EndGlobalSection
	GlobalSection(SolutionProperties) = preSolution
		HideSolutionNode = FALSE
	EndGlobalSection
	GlobalSection(ExtensibilityGlobals) = postSolution
		SolutionGuid = {C9056153-4CD7-49F2-B6E3-2591D678CFA9}
	EndGlobalSection
EndGlobal
