
Microsoft Visual Studio Solution File, Format Version 12.00
# Visual Studio Version 16
VisualStudioVersion = 16.0.30503.244
MinimumVisualStudioVersion = 10.0.40219.1
Project("{8BC9CEB8-8B4A-11D0-8D11-00A0C91BC942}") = "Project3", "Project3\Project3.vcxproj", "{B0EC0E90-187E-4592-AFB4-490865F630ED}"
EndProject
Global
	GlobalSection(SolutionConfigurationPlatforms) = preSolution
		Debug|x64 = Debug|x64
		Debug|x86 = Debug|x86
		Release|x64 = Release|x64
		Release|x86 = Release|x86
	EndGlobalSection
	GlobalSection(ProjectConfigurationPlatforms) = postSolution
		{B0EC0E90-187E-4592-AFB4-490865F630ED}.Debug|x64.ActiveCfg = Debug|x64
		{B0EC0E90-187E-4592-AFB4-490865F630ED}.Debug|x64.Build.0 = Debug|x64
		{B0EC0E90-187E-4592-AFB4-490865F630ED}.Debug|x86.ActiveCfg = Debug|Win32
		{B0EC0E90-187E-4592-AFB4-490865F630ED}.Debug|x86.Build.0 = Debug|Win32
		{B0EC0E90-187E-4592-AFB4-490865F630ED}.Release|x64.ActiveCfg = Release|x64
		{B0EC0E90-187E-4592-AFB4-490865F630ED}.Release|x64.Build.0 = Release|x64
		{B0EC0E90-187E-4592-AFB4-490865F630ED}.Release|x86.ActiveCfg = Release|Win32
		{B0EC0E90-187E-4592-AFB4-490865F630ED}.Release|x86.Build.0 = Release|Win32
	EndGlobalSection
	GlobalSection(SolutionProperties) = preSolution
		HideSolutionNode = FALSE
	EndGlobalSection
	GlobalSection(ExtensibilityGlobals) = postSolution
		SolutionGuid = {CC9AFC23-6778-417D-9193-432950F15437}
	EndGlobalSection
EndGlobal
